
Microsoft Visual Studio Solution File, Format Version 12.00
# Visual Studio Version 16
VisualStudioVersion = 16.0.30225.117
MinimumVisualStudioVersion = 10.0.40219.1
Project("{8BC9CEB8-8B4A-11D0-8D11-00A0C91BC942}") = "우선순위큐", "우선순위큐\우선순위큐.vcxproj", "{D32913A3-D8F6-4AE4-AE9B-BF4F55ADA82D}"
EndProject
Project("{8BC9CEB8-8B4A-11D0-8D11-00A0C91BC942}") = "힙과힙정렬(1)", "힙과힙정렬(1)\힙과힙정렬(1).vcxproj", "{55098187-E6EE-42DC-9366-A7C86424529B}"
EndProject
Project("{8BC9CEB8-8B4A-11D0-8D11-00A0C91BC942}") = "과제 1", "과제 1\과제 1.vcxproj", "{1CFE3EAA-5CDF-4105-97BF-F36E3038ABD0}"
EndProject
Project("{8BC9CEB8-8B4A-11D0-8D11-00A0C91BC942}") = "힙과힙정렬(2)", "힙과힙정렬(2)\힙과힙정렬(2).vcxproj", "{8C074DC1-103B-449B-B722-51DCD66D9A72}"
EndProject
Project("{8BC9CEB8-8B4A-11D0-8D11-00A0C91BC942}") = "합병 정렬과 퀵 정렬", "합병 정렬과 퀵 정렬\합병 정렬과 퀵 정렬.vcxproj", "{CD6FA12B-6086-4C75-8331-6C0514E7C1D2}"
EndProject
Project("{8BC9CEB8-8B4A-11D0-8D11-00A0C91BC942}") = "과제 2", "과제 2\과제 2.vcxproj", "{F5ECA298-050B-42DD-8E1C-FD0F5560D6E6}"
EndProject
Project("{8BC9CEB8-8B4A-11D0-8D11-00A0C91BC942}") = "사전(이진탐색)", "사전(이진탐색)\사전(이진탐색).vcxproj", "{3FA9AA82-6108-49B0-8E89-1E5DE973E0C7}"
EndProject
Project("{8BC9CEB8-8B4A-11D0-8D11-00A0C91BC942}") = "탐색트리", "탐색트리\탐색트리.vcxproj", "{687D2D3A-DACF-4372-8D21-E4D5D32C7A50}"
EndProject
Project("{8BC9CEB8-8B4A-11D0-8D11-00A0C91BC942}") = "해시테이블", "해시테이블\해시테이블.vcxproj", "{63E26F0F-183C-4284-97C7-32A64C965C91}"
EndProject
Project("{8BC9CEB8-8B4A-11D0-8D11-00A0C91BC942}") = "그래프", "그래프\그래프.vcxproj", "{5AD0CA80-3788-437A-B745-72DFDECDE7D3}"
EndProject
Project("{8BC9CEB8-8B4A-11D0-8D11-00A0C91BC942}") = "그래프 순회", "그래프 순회\그래프 순회.vcxproj", "{D0CAEA7B-D249-4DB2-BA44-02927AB5DE39}"
EndProject
Project("{8BC9CEB8-8B4A-11D0-8D11-00A0C91BC942}") = "과제 4", "과제 4\과제 4.vcxproj", "{6E33010C-9626-4B53-88C9-CC4FE1E453E5}"
EndProject
Project("{8BC9CEB8-8B4A-11D0-8D11-00A0C91BC942}") = "방향그래프", "방향그래프\방향그래프.vcxproj", "{2C70ADB7-33CA-49B7-B234-0D5F0471F925}"
EndProject
Project("{8BC9CEB8-8B4A-11D0-8D11-00A0C91BC942}") = "최소신장트리", "최소신장트리\최소신장트리.vcxproj", "{B8BCB7B9-D56D-4003-A482-35DE1F6FFA2D}"
EndProject
Project("{8BC9CEB8-8B4A-11D0-8D11-00A0C91BC942}") = "과제 5", "과제 5\과제 5.vcxproj", "{D6458753-ABEB-435A-9805-EADF7B48A529}"
EndProject
Global
	GlobalSection(SolutionConfigurationPlatforms) = preSolution
		Debug|x64 = Debug|x64
		Debug|x86 = Debug|x86
		Release|x64 = Release|x64
		Release|x86 = Release|x86
	EndGlobalSection
	GlobalSection(ProjectConfigurationPlatforms) = postSolution
		{D32913A3-D8F6-4AE4-AE9B-BF4F55ADA82D}.Debug|x64.ActiveCfg = Debug|x64
		{D32913A3-D8F6-4AE4-AE9B-BF4F55ADA82D}.Debug|x64.Build.0 = Debug|x64
		{D32913A3-D8F6-4AE4-AE9B-BF4F55ADA82D}.Debug|x86.ActiveCfg = Debug|Win32
		{D32913A3-D8F6-4AE4-AE9B-BF4F55ADA82D}.Debug|x86.Build.0 = Debug|Win32
		{D32913A3-D8F6-4AE4-AE9B-BF4F55ADA82D}.Release|x64.ActiveCfg = Release|x64
		{D32913A3-D8F6-4AE4-AE9B-BF4F55ADA82D}.Release|x64.Build.0 = Release|x64
		{D32913A3-D8F6-4AE4-AE9B-BF4F55ADA82D}.Release|x86.ActiveCfg = Release|Win32
		{D32913A3-D8F6-4AE4-AE9B-BF4F55ADA82D}.Release|x86.Build.0 = Release|Win32
		{55098187-E6EE-42DC-9366-A7C86424529B}.Debug|x64.ActiveCfg = Debug|x64
		{55098187-E6EE-42DC-9366-A7C86424529B}.Debug|x64.Build.0 = Debug|x64
		{55098187-E6EE-42DC-9366-A7C86424529B}.Debug|x86.ActiveCfg = Debug|Win32
		{55098187-E6EE-42DC-9366-A7C86424529B}.Debug|x86.Build.0 = Debug|Win32
		{55098187-E6EE-42DC-9366-A7C86424529B}.Release|x64.ActiveCfg = Release|x64
		{55098187-E6EE-42DC-9366-A7C86424529B}.Release|x64.Build.0 = Release|x64
		{55098187-E6EE-42DC-9366-A7C86424529B}.Release|x86.ActiveCfg = Release|Win32
		{55098187-E6EE-42DC-9366-A7C86424529B}.Release|x86.Build.0 = Release|Win32
		{1CFE3EAA-5CDF-4105-97BF-F36E3038ABD0}.Debug|x64.ActiveCfg = Debug|x64
		{1CFE3EAA-5CDF-4105-97BF-F36E3038ABD0}.Debug|x64.Build.0 = Debug|x64
		{1CFE3EAA-5CDF-4105-97BF-F36E3038ABD0}.Debug|x86.ActiveCfg = Debug|Win32
		{1CFE3EAA-5CDF-4105-97BF-F36E3038ABD0}.Debug|x86.Build.0 = Debug|Win32
		{1CFE3EAA-5CDF-4105-97BF-F36E3038ABD0}.Release|x64.ActiveCfg = Release|x64
		{1CFE3EAA-5CDF-4105-97BF-F36E3038ABD0}.Release|x64.Build.0 = Release|x64
		{1CFE3EAA-5CDF-4105-97BF-F36E3038ABD0}.Release|x86.ActiveCfg = Release|Win32
		{1CFE3EAA-5CDF-4105-97BF-F36E3038ABD0}.Release|x86.Build.0 = Release|Win32
		{8C074DC1-103B-449B-B722-51DCD66D9A72}.Debug|x64.ActiveCfg = Debug|x64
		{8C074DC1-103B-449B-B722-51DCD66D9A72}.Debug|x64.Build.0 = Debug|x64
		{8C074DC1-103B-449B-B722-51DCD66D9A72}.Debug|x86.ActiveCfg = Debug|Win32
		{8C074DC1-103B-449B-B722-51DCD66D9A72}.Debug|x86.Build.0 = Debug|Win32
		{8C074DC1-103B-449B-B722-51DCD66D9A72}.Release|x64.ActiveCfg = Release|x64
		{8C074DC1-103B-449B-B722-51DCD66D9A72}.Release|x64.Build.0 = Release|x64
		{8C074DC1-103B-449B-B722-51DCD66D9A72}.Release|x86.ActiveCfg = Release|Win32
		{8C074DC1-103B-449B-B722-51DCD66D9A72}.Release|x86.Build.0 = Release|Win32
		{CD6FA12B-6086-4C75-8331-6C0514E7C1D2}.Debug|x64.ActiveCfg = Debug|x64
		{CD6FA12B-6086-4C75-8331-6C0514E7C1D2}.Debug|x64.Build.0 = Debug|x64
		{CD6FA12B-6086-4C75-8331-6C0514E7C1D2}.Debug|x86.ActiveCfg = Debug|Win32
		{CD6FA12B-6086-4C75-8331-6C0514E7C1D2}.Debug|x86.Build.0 = Debug|Win32
		{CD6FA12B-6086-4C75-8331-6C0514E7C1D2}.Release|x64.ActiveCfg = Release|x64
		{CD6FA12B-6086-4C75-8331-6C0514E7C1D2}.Release|x64.Build.0 = Release|x64
		{CD6FA12B-6086-4C75-8331-6C0514E7C1D2}.Release|x86.ActiveCfg = Release|Win32
		{CD6FA12B-6086-4C75-8331-6C0514E7C1D2}.Release|x86.Build.0 = Release|Win32
		{F5ECA298-050B-42DD-8E1C-FD0F5560D6E6}.Debug|x64.ActiveCfg = Debug|x64
		{F5ECA298-050B-42DD-8E1C-FD0F5560D6E6}.Debug|x64.Build.0 = Debug|x64
		{F5ECA298-050B-42DD-8E1C-FD0F5560D6E6}.Debug|x86.ActiveCfg = Debug|Win32
		{F5ECA298-050B-42DD-8E1C-FD0F5560D6E6}.Debug|x86.Build.0 = Debug|Win32
		{F5ECA298-050B-42DD-8E1C-FD0F5560D6E6}.Release|x64.ActiveCfg = Release|x64
		{F5ECA298-050B-42DD-8E1C-FD0F5560D6E6}.Release|x64.Build.0 = Release|x64
		{F5ECA298-050B-42DD-8E1C-FD0F5560D6E6}.Release|x86.ActiveCfg = Release|Win32
		{F5ECA298-050B-42DD-8E1C-FD0F5560D6E6}.Release|x86.Build.0 = Release|Win32
		{3FA9AA82-6108-49B0-8E89-1E5DE973E0C7}.Debug|x64.ActiveCfg = Debug|x64
		{3FA9AA82-6108-49B0-8E89-1E5DE973E0C7}.Debug|x64.Build.0 = Debug|x64
		{3FA9AA82-6108-49B0-8E89-1E5DE973E0C7}.Debug|x86.ActiveCfg = Debug|Win32
		{3FA9AA82-6108-49B0-8E89-1E5DE973E0C7}.Debug|x86.Build.0 = Debug|Win32
		{3FA9AA82-6108-49B0-8E89-1E5DE973E0C7}.Release|x64.ActiveCfg = Release|x64
		{3FA9AA82-6108-49B0-8E89-1E5DE973E0C7}.Release|x64.Build.0 = Release|x64
		{3FA9AA82-6108-49B0-8E89-1E5DE973E0C7}.Release|x86.ActiveCfg = Release|Win32
		{3FA9AA82-6108-49B0-8E89-1E5DE973E0C7}.Release|x86.Build.0 = Release|Win32
		{687D2D3A-DACF-4372-8D21-E4D5D32C7A50}.Debug|x64.ActiveCfg = Debug|x64
		{687D2D3A-DACF-4372-8D21-E4D5D32C7A50}.Debug|x64.Build.0 = Debug|x64
		{687D2D3A-DACF-4372-8D21-E4D5D32C7A50}.Debug|x86.ActiveCfg = Debug|Win32
		{687D2D3A-DACF-4372-8D21-E4D5D32C7A50}.Debug|x86.Build.0 = Debug|Win32
		{687D2D3A-DACF-4372-8D21-E4D5D32C7A50}.Release|x64.ActiveCfg = Release|x64
		{687D2D3A-DACF-4372-8D21-E4D5D32C7A50}.Release|x64.Build.0 = Release|x64
		{687D2D3A-DACF-4372-8D21-E4D5D32C7A50}.Release|x86.ActiveCfg = Release|Win32
		{687D2D3A-DACF-4372-8D21-E4D5D32C7A50}.Release|x86.Build.0 = Release|Win32
		{63E26F0F-183C-4284-97C7-32A64C965C91}.Debug|x64.ActiveCfg = Debug|x64
		{63E26F0F-183C-4284-97C7-32A64C965C91}.Debug|x64.Build.0 = Debug|x64
		{63E26F0F-183C-4284-97C7-32A64C965C91}.Debug|x86.ActiveCfg = Debug|Win32
		{63E26F0F-183C-4284-97C7-32A64C965C91}.Debug|x86.Build.0 = Debug|Win32
		{63E26F0F-183C-4284-97C7-32A64C965C91}.Release|x64.ActiveCfg = Release|x64
		{63E26F0F-183C-4284-97C7-32A64C965C91}.Release|x64.Build.0 = Release|x64
		{63E26F0F-183C-4284-97C7-32A64C965C91}.Release|x86.ActiveCfg = Release|Win32
		{63E26F0F-183C-4284-97C7-32A64C965C91}.Release|x86.Build.0 = Release|Win32
		{5AD0CA80-3788-437A-B745-72DFDECDE7D3}.Debug|x64.ActiveCfg = Debug|x64
		{5AD0CA80-3788-437A-B745-72DFDECDE7D3}.Debug|x64.Build.0 = Debug|x64
		{5AD0CA80-3788-437A-B745-72DFDECDE7D3}.Debug|x86.ActiveCfg = Debug|Win32
		{5AD0CA80-3788-437A-B745-72DFDECDE7D3}.Debug|x86.Build.0 = Debug|Win32
		{5AD0CA80-3788-437A-B745-72DFDECDE7D3}.Release|x64.ActiveCfg = Release|x64
		{5AD0CA80-3788-437A-B745-72DFDECDE7D3}.Release|x64.Build.0 = Release|x64
		{5AD0CA80-3788-437A-B745-72DFDECDE7D3}.Release|x86.ActiveCfg = Release|Win32
		{5AD0CA80-3788-437A-B745-72DFDECDE7D3}.Release|x86.Build.0 = Release|Win32
		{D0CAEA7B-D249-4DB2-BA44-02927AB5DE39}.Debug|x64.ActiveCfg = Debug|x64
		{D0CAEA7B-D249-4DB2-BA44-02927AB5DE39}.Debug|x64.Build.0 = Debug|x64
		{D0CAEA7B-D249-4DB2-BA44-02927AB5DE39}.Debug|x86.ActiveCfg = Debug|Win32
		{D0CAEA7B-D249-4DB2-BA44-02927AB5DE39}.Debug|x86.Build.0 = Debug|Win32
		{D0CAEA7B-D249-4DB2-BA44-02927AB5DE39}.Release|x64.ActiveCfg = Release|x64
		{D0CAEA7B-D249-4DB2-BA44-02927AB5DE39}.Release|x64.Build.0 = Release|x64
		{D0CAEA7B-D249-4DB2-BA44-02927AB5DE39}.Release|x86.ActiveCfg = Release|Win32
		{D0CAEA7B-D249-4DB2-BA44-02927AB5DE39}.Release|x86.Build.0 = Release|Win32
		{6E33010C-9626-4B53-88C9-CC4FE1E453E5}.Debug|x64.ActiveCfg = Debug|x64
		{6E33010C-9626-4B53-88C9-CC4FE1E453E5}.Debug|x64.Build.0 = Debug|x64
		{6E33010C-9626-4B53-88C9-CC4FE1E453E5}.Debug|x86.ActiveCfg = Debug|Win32
		{6E33010C-9626-4B53-88C9-CC4FE1E453E5}.Debug|x86.Build.0 = Debug|Win32
		{6E33010C-9626-4B53-88C9-CC4FE1E453E5}.Release|x64.ActiveCfg = Release|x64
		{6E33010C-9626-4B53-88C9-CC4FE1E453E5}.Release|x64.Build.0 = Release|x64
		{6E33010C-9626-4B53-88C9-CC4FE1E453E5}.Release|x86.ActiveCfg = Release|Win32
		{6E33010C-9626-4B53-88C9-CC4FE1E453E5}.Release|x86.Build.0 = Release|Win32
		{2C70ADB7-33CA-49B7-B234-0D5F0471F925}.Debug|x64.ActiveCfg = Debug|x64
		{2C70ADB7-33CA-49B7-B234-0D5F0471F925}.Debug|x64.Build.0 = Debug|x64
		{2C70ADB7-33CA-49B7-B234-0D5F0471F925}.Debug|x86.ActiveCfg = Debug|Win32
		{2C70ADB7-33CA-49B7-B234-0D5F0471F925}.Debug|x86.Build.0 = Debug|Win32
		{2C70ADB7-33CA-49B7-B234-0D5F0471F925}.Release|x64.ActiveCfg = Release|x64
		{2C70ADB7-33CA-49B7-B234-0D5F0471F925}.Release|x64.Build.0 = Release|x64
		{2C70ADB7-33CA-49B7-B234-0D5F0471F925}.Release|x86.ActiveCfg = Release|Win32
		{2C70ADB7-33CA-49B7-B234-0D5F0471F925}.Release|x86.Build.0 = Release|Win32
		{B8BCB7B9-D56D-4003-A482-35DE1F6FFA2D}.Debug|x64.ActiveCfg = Debug|x64
		{B8BCB7B9-D56D-4003-A482-35DE1F6FFA2D}.Debug|x64.Build.0 = Debug|x64
		{B8BCB7B9-D56D-4003-A482-35DE1F6FFA2D}.Debug|x86.ActiveCfg = Debug|Win32
		{B8BCB7B9-D56D-4003-A482-35DE1F6FFA2D}.Debug|x86.Build.0 = Debug|Win32
		{B8BCB7B9-D56D-4003-A482-35DE1F6FFA2D}.Release|x64.ActiveCfg = Release|x64
		{B8BCB7B9-D56D-4003-A482-35DE1F6FFA2D}.Release|x64.Build.0 = Release|x64
		{B8BCB7B9-D56D-4003-A482-35DE1F6FFA2D}.Release|x86.ActiveCfg = Release|Win32
		{B8BCB7B9-D56D-4003-A482-35DE1F6FFA2D}.Release|x86.Build.0 = Release|Win32
		{D6458753-ABEB-435A-9805-EADF7B48A529}.Debug|x64.ActiveCfg = Debug|x64
		{D6458753-ABEB-435A-9805-EADF7B48A529}.Debug|x64.Build.0 = Debug|x64
		{D6458753-ABEB-435A-9805-EADF7B48A529}.Debug|x86.ActiveCfg = Debug|Win32
		{D6458753-ABEB-435A-9805-EADF7B48A529}.Debug|x86.Build.0 = Debug|Win32
		{D6458753-ABEB-435A-9805-EADF7B48A529}.Release|x64.ActiveCfg = Release|x64
		{D6458753-ABEB-435A-9805-EADF7B48A529}.Release|x64.Build.0 = Release|x64
		{D6458753-ABEB-435A-9805-EADF7B48A529}.Release|x86.ActiveCfg = Release|Win32
		{D6458753-ABEB-435A-9805-EADF7B48A529}.Release|x86.Build.0 = Release|Win32
	EndGlobalSection
	GlobalSection(SolutionProperties) = preSolution
		HideSolutionNode = FALSE
	EndGlobalSection
	GlobalSection(ExtensibilityGlobals) = postSolution
		SolutionGuid = {3734AF7D-C4B0-4A22-8081-4FD379AE5C1B}
	EndGlobalSection
EndGlobal
