<?xml version="1.0" encoding="utf-8"?>
<Project ToolsVersion="4.0" xmlns="http://schemas.microsoft.com/developer/msbuild/2003">
  <ItemGroup>
    <Filter Include="소스 파일">
      <UniqueIdentifier>{4FC737F1-C7A5-4376-A066-2A32D752A2FF}</UniqueIdentifier>
      <Extensions>cpp;c;cc;cxx;c++;def;odl;idl;hpj;bat;asm;asmx</Extensions>
    </Filter>
    <Filter Include="헤더 파일">
      <UniqueIdentifier>{93995380-89BD-4b04-88EB-625FBE52EBFB}</UniqueIdentifier>
      <Extensions>h;hh;hpp;hxx;h++;hm;inl;inc;ipp;xsd</Extensions>
    </Filter>
    <Filter Include="리소스 파일">
      <UniqueIdentifier>{67DA6AB6-F800-4c08-8B7A-83BB121AAD01}</UniqueIdentifier>
      <Extensions>rc;ico;cur;bmp;dlg;rc2;rct;bin;rgs;gif;jpg;jpeg;jpe;resx;tiff;tif;png;wav;mfcribbon-ms</Extensions>
    </Filter>
  </ItemGroup>
  <ItemGroup>
    <ClCompile Include="재귀1.c">
      <Filter>소스 파일</Filter>
    </ClCompile>
    <ClCompile Include="재귀 (하노이탑).c">
      <Filter>소스 파일</Filter>
    </ClCompile>
    <ClCompile Include="재귀적 arrayMax.c">
      <Filter>소스 파일</Filter>
    </ClCompile>
    <ClCompile Include="최대공약수 (gcd).c">
      <Filter>소스 파일</Filter>
    </ClCompile>
    <ClCompile Include="재귀 (회문).c">
      <Filter>소스 파일</Filter>
    </ClCompile>
    <ClCompile Include="지그재그.c">
      <Filter>소스 파일</Filter>
    </ClCompile>
    <ClCompile Include="달팽이.c">
      <Filter>소스 파일</Filter>
    </ClCompile>
    <ClCompile Include="원형 헤더연결리스트.c">
      <Filter>소스 파일</Filter>
    </ClCompile>
    <ClCompile Include="단일 연결리스트 노드 개수 (재귀).c">
      <Filter>소스 파일</Filter>
    </ClCompile>
    <ClCompile Include="부문자열.c">
      <Filter>소스 파일</Filter>
    </ClCompile>
    <ClCompile Include="원형 배열.c">
      <Filter>소스 파일</Filter>
    </ClCompile>
    <ClCompile Include="연결리스트 복사.c">
      <Filter>소스 파일</Filter>
    </ClCompile>
    <ClCompile Include="연결리스트 동일성.c">
      <Filter>소스 파일</Filter>
    </ClCompile>
    <ClCompile Include="중앙 노드 찾기.c">
      <Filter>소스 파일</Filter>
    </ClCompile>
    <ClCompile Include="연결리스트 잇기 (수정 필요).c">
      <Filter>소스 파일</Filter>
    </ClCompile>
    <ClCompile Include="선택적 인쇄.c">
      <Filter>소스 파일</Filter>
    </ClCompile>
    <ClCompile Include="생일 케이크 (원형 배열).c">
      <Filter>소스 파일</Filter>
    </ClCompile>
    <ClCompile Include="생일 케이크 (원형 연결리스트).c">
      <Filter>소스 파일</Filter>
    </ClCompile>
  </ItemGroup>
</Project>